{
  "version": "4",
  "specifiers": {
    "jsr:@std/assert@1": "1.0.9",
    "jsr:@std/internal@^1.0.5": "1.0.5",
    "npm:nerdamer-prime@*": "1.2.2",
    "npm:nerdamer-prime@^1.2.2": "1.2.2",
    "npm:nerdamer@*": "1.1.13",
    "npm:nerdamer@^1.1.13": "1.1.13"
  },
  "jsr": {
    "@std/assert@1.0.9": {
      "integrity": "a9f0c611a869cc791b26f523eec54c7e187aab7932c2c8e8bea0622d13680dcd",
      "dependencies": [
        "jsr:@std/internal"
      ]
    },
    "@std/internal@1.0.5": {
      "integrity": "54a546004f769c1ac9e025abd15a76b6671ddc9687e2313b67376125650dc7ba"
    }
  },
  "npm": {
    "nerdamer-prime@1.2.2": {
      "integrity": "sha512-RFI36kuT3qSWduL34vK8l1nQZb0vCmIsmgUy05gtR6LNvUt7+ctek6dDn/z6qgQOa8PeUb4sTC/FzK16vgEltA=="
    },
    "nerdamer@1.1.13": {
      "integrity": "sha512-kQGQYd42eQpKDOnU8ZnRKF47c+gK6jVC46eUchrABsovtFruHvsjyjBO32jck8QnpZE5z5R8HQw72hQX9Oq2MQ=="
    }
  },
  "redirects": {
    "https://deno.land/std/collections/chunk.ts": "https://deno.land/std@0.224.0/collections/chunk.ts",
    "https://deno.land/std/collections/unzip.ts": "https://deno.land/std@0.224.0/collections/unzip.ts"
  },
  "remote": {
    "https://deno.land/std@0.208.0/collections/chunk.ts": "f82c52a82ad9338018570c42f6de0fb132fcb14914c31a444e360ac104d7b55b",
    "https://deno.land/std@0.208.0/collections/unzip.ts": "3d3469c616b04200ff6a883e0d6dc82cac4c205aa65742e375afb8816be75b35",
    "https://deno.land/std@0.224.0/collections/chunk.ts": "e6e533d6ae047f2082892831d463426f79cdd0d3f09ce298317a8469abf8467e",
    "https://deno.land/std@0.224.0/collections/min_of.ts": "a80b6881494f505fe42c160317225c99a69bf393419563063ac2dd258cffd9b2",
    "https://deno.land/std@0.224.0/collections/unzip.ts": "7dbe500a7b283a4ad6000316f98e0f590f084be103b3ea2e0519a7e3d98a38b2",
    "https://deno.land/std@0.224.0/collections/zip.ts": "5320938b447da8a8ed4811d6248829886c7ddd088e1653cfce6e59d0abb73692"
  },
  "workspace": {
    "dependencies": [
      "jsr:@std/assert@1",
      "npm:nerdamer-prime@^1.2.2",
      "npm:nerdamer@^1.1.13"
    ]
  }
}
