{
  "version": "4",
  "redirects": {
    "https://deno.land/std/collections/chunk.ts": "https://deno.land/std@0.224.0/collections/chunk.ts",
    "https://deno.land/std/collections/unzip.ts": "https://deno.land/std@0.224.0/collections/unzip.ts"
  },
  "remote": {
    "https://deno.land/std@0.208.0/collections/chunk.ts": "f82c52a82ad9338018570c42f6de0fb132fcb14914c31a444e360ac104d7b55b",
    "https://deno.land/std@0.208.0/collections/unzip.ts": "3d3469c616b04200ff6a883e0d6dc82cac4c205aa65742e375afb8816be75b35",
    "https://deno.land/std@0.224.0/collections/chunk.ts": "e6e533d6ae047f2082892831d463426f79cdd0d3f09ce298317a8469abf8467e",
    "https://deno.land/std@0.224.0/collections/unzip.ts": "7dbe500a7b283a4ad6000316f98e0f590f084be103b3ea2e0519a7e3d98a38b2"
  },
  "workspace": {
    "dependencies": [
      "jsr:@std/assert@1"
    ]
  }
}
